
Microsoft Visual Studio Solution File, Format Version 12.00
# Visual Studio Version 17
VisualStudioVersion = 17.5.002.0
MinimumVisualStudioVersion = 10.0.40219.1
Project("{9A19103F-16F7-4668-BE54-9A1E7A4F7556}") = "MyApp", "MyApp.csproj", "{5F969E4F-7039-45D9-9C2B-7060EF4485B7}"
EndProject
Global
	GlobalSection(SolutionConfigurationPlatforms) = preSolution
		Debug|Any CPU = Debug|Any CPU
		Release|Any CPU = Release|Any CPU
	EndGlobalSection
	GlobalSection(ProjectConfigurationPlatforms) = postSolution
		{5F969E4F-7039-45D9-9C2B-7060EF4485B7}.Debug|Any CPU.ActiveCfg = Debug|Any CPU
		{5F969E4F-7039-45D9-9C2B-7060EF4485B7}.Debug|Any CPU.Build.0 = Debug|Any CPU
		{5F969E4F-7039-45D9-9C2B-7060EF4485B7}.Release|Any CPU.ActiveCfg = Release|Any CPU
		{5F969E4F-7039-45D9-9C2B-7060EF4485B7}.Release|Any CPU.Build.0 = Release|Any CPU
	EndGlobalSection
	GlobalSection(SolutionProperties) = preSolution
		HideSolutionNode = FALSE
	EndGlobalSection
	GlobalSection(ExtensibilityGlobals) = postSolution
		SolutionGuid = {1D1BDF56-E2DE-4ADE-95C9-EECC4C7835A2}
	EndGlobalSection
EndGlobal
